
Microsoft Visual Studio Solution File, Format Version 12.00
# Visual Studio 15
VisualStudioVersion = 15.0.28307.438
MinimumVisualStudioVersion = 10.0.40219.1
Project("{F2A71F9B-5D33-465A-A702-920D77279786}") = "Observer", "Observer\Observer.fsproj", "{D49E8EBF-C013-4552-9A7C-FA9F62B3DB81}"
EndProject
Global
	GlobalSection(SolutionConfigurationPlatforms) = preSolution
		Debug|Any CPU = Debug|Any CPU
		Release|Any CPU = Release|Any CPU
	EndGlobalSection
	GlobalSection(ProjectConfigurationPlatforms) = postSolution
		{D49E8EBF-C013-4552-9A7C-FA9F62B3DB81}.Debug|Any CPU.ActiveCfg = Debug|Any CPU
		{D49E8EBF-C013-4552-9A7C-FA9F62B3DB81}.Debug|Any CPU.Build.0 = Debug|Any CPU
		{D49E8EBF-C013-4552-9A7C-FA9F62B3DB81}.Release|Any CPU.ActiveCfg = Release|Any CPU
		{D49E8EBF-C013-4552-9A7C-FA9F62B3DB81}.Release|Any CPU.Build.0 = Release|Any CPU
	EndGlobalSection
	GlobalSection(SolutionProperties) = preSolution
		HideSolutionNode = FALSE
	EndGlobalSection
	GlobalSection(ExtensibilityGlobals) = postSolution
		SolutionGuid = {EBC48E28-0BBE-4FB6-A2F3-227A05A7766E}
	EndGlobalSection
EndGlobal
