
Microsoft Visual Studio Solution File, Format Version 12.00
Project("{F2A71F9B-5D33-465A-A702-920D77279786}") = "State", "State.fsproj", "{DC2F0DD8-F2A6-49EC-A95D-AA089AD3B300}"
EndProject
Global
	GlobalSection(SolutionConfigurationPlatforms) = preSolution
		Debug|Any CPU = Debug|Any CPU
		Release|Any CPU = Release|Any CPU
	EndGlobalSection
	GlobalSection(ProjectConfigurationPlatforms) = postSolution
		{DC2F0DD8-F2A6-49EC-A95D-AA089AD3B300}.Debug|Any CPU.ActiveCfg = Debug|Any CPU
		{DC2F0DD8-F2A6-49EC-A95D-AA089AD3B300}.Debug|Any CPU.Build.0 = Debug|Any CPU
		{DC2F0DD8-F2A6-49EC-A95D-AA089AD3B300}.Release|Any CPU.ActiveCfg = Release|Any CPU
		{DC2F0DD8-F2A6-49EC-A95D-AA089AD3B300}.Release|Any CPU.Build.0 = Release|Any CPU
	EndGlobalSection
EndGlobal
