
Microsoft Visual Studio Solution File, Format Version 12.00
Project("{F2A71F9B-5D33-465A-A702-920D77279786}") = "Singleton", "Singleton.fsproj", "{872A7F85-BBCF-4F5D-9244-1125C57EDA4D}"
EndProject
Project("{F2A71F9B-5D33-465A-A702-920D77279786}") = "Tests", "Tests\Tests.fsproj", "{B26FDCD9-3789-4676-A7C6-3084240595B6}"
EndProject
Global
	GlobalSection(SolutionConfigurationPlatforms) = preSolution
		Debug|Any CPU = Debug|Any CPU
		Release|Any CPU = Release|Any CPU
	EndGlobalSection
	GlobalSection(ProjectConfigurationPlatforms) = postSolution
		{872A7F85-BBCF-4F5D-9244-1125C57EDA4D}.Debug|Any CPU.ActiveCfg = Debug|Any CPU
		{872A7F85-BBCF-4F5D-9244-1125C57EDA4D}.Debug|Any CPU.Build.0 = Debug|Any CPU
		{872A7F85-BBCF-4F5D-9244-1125C57EDA4D}.Release|Any CPU.ActiveCfg = Release|Any CPU
		{872A7F85-BBCF-4F5D-9244-1125C57EDA4D}.Release|Any CPU.Build.0 = Release|Any CPU
		{B26FDCD9-3789-4676-A7C6-3084240595B6}.Debug|Any CPU.ActiveCfg = Debug|Any CPU
		{B26FDCD9-3789-4676-A7C6-3084240595B6}.Debug|Any CPU.Build.0 = Debug|Any CPU
		{B26FDCD9-3789-4676-A7C6-3084240595B6}.Release|Any CPU.ActiveCfg = Release|Any CPU
		{B26FDCD9-3789-4676-A7C6-3084240595B6}.Release|Any CPU.Build.0 = Release|Any CPU
	EndGlobalSection
EndGlobal
