
Microsoft Visual Studio Solution File, Format Version 12.00
Project("{F2A71F9B-5D33-465A-A702-920D77279786}") = "Facade", "Facade.fsproj", "{D81C81EC-F45A-410B-A78F-F5DE28EC9CEA}"
EndProject
Global
	GlobalSection(SolutionConfigurationPlatforms) = preSolution
		Debug|Any CPU = Debug|Any CPU
		Release|Any CPU = Release|Any CPU
	EndGlobalSection
	GlobalSection(ProjectConfigurationPlatforms) = postSolution
		{D81C81EC-F45A-410B-A78F-F5DE28EC9CEA}.Debug|Any CPU.ActiveCfg = Debug|Any CPU
		{D81C81EC-F45A-410B-A78F-F5DE28EC9CEA}.Debug|Any CPU.Build.0 = Debug|Any CPU
		{D81C81EC-F45A-410B-A78F-F5DE28EC9CEA}.Release|Any CPU.ActiveCfg = Release|Any CPU
		{D81C81EC-F45A-410B-A78F-F5DE28EC9CEA}.Release|Any CPU.Build.0 = Release|Any CPU
	EndGlobalSection
EndGlobal
