
Microsoft Visual Studio Solution File, Format Version 12.00
# Visual Studio 15
VisualStudioVersion = 15.0.28307.438
MinimumVisualStudioVersion = 10.0.40219.1
Project("{F2A71F9B-5D33-465A-A702-920D77279786}") = "NullObject", "NullObject\NullObject.fsproj", "{A27F0983-746F-47E2-93C5-B69574A4C6CC}"
EndProject
Global
	GlobalSection(SolutionConfigurationPlatforms) = preSolution
		Debug|Any CPU = Debug|Any CPU
		Release|Any CPU = Release|Any CPU
	EndGlobalSection
	GlobalSection(ProjectConfigurationPlatforms) = postSolution
		{A27F0983-746F-47E2-93C5-B69574A4C6CC}.Debug|Any CPU.ActiveCfg = Debug|Any CPU
		{A27F0983-746F-47E2-93C5-B69574A4C6CC}.Debug|Any CPU.Build.0 = Debug|Any CPU
		{A27F0983-746F-47E2-93C5-B69574A4C6CC}.Release|Any CPU.ActiveCfg = Release|Any CPU
		{A27F0983-746F-47E2-93C5-B69574A4C6CC}.Release|Any CPU.Build.0 = Release|Any CPU
	EndGlobalSection
	GlobalSection(SolutionProperties) = preSolution
		HideSolutionNode = FALSE
	EndGlobalSection
	GlobalSection(ExtensibilityGlobals) = postSolution
		SolutionGuid = {4076CBDB-8178-4F7A-BE2D-ED7A8C592C12}
	EndGlobalSection
EndGlobal
