
Microsoft Visual Studio Solution File, Format Version 12.00
# Visual Studio 15
VisualStudioVersion = 15.0.28307.421
MinimumVisualStudioVersion = 10.0.40219.1
Project("{6EC3EE1D-3C4E-46DD-8F32-0CC8E7565705}") = "SingleResponsibility", "SingleResponsibility\SingleResponsibility.fsproj", "{6A395034-BD47-4F7B-A282-08799E110472}"
EndProject
Project("{6EC3EE1D-3C4E-46DD-8F32-0CC8E7565705}") = "OpenClosed", "OpenClosed\OpenClosed.fsproj", "{0B0CD212-443D-48D9-9B6A-66EE83001F18}"
EndProject
Project("{F2A71F9B-5D33-465A-A702-920D77279786}") = "LiskovSubstitution", "LiskovSubstitution\LiskovSubstitution.fsproj", "{EEE9262F-973C-4C53-8F55-92C5A3D05178}"
EndProject
Project("{F2A71F9B-5D33-465A-A702-920D77279786}") = "InterfaceSegregation", "InterfaceSegregation\InterfaceSegregation.fsproj", "{A0CAABA6-1D62-4B00-93AF-27ACCC06C72B}"
EndProject
Project("{F2A71F9B-5D33-465A-A702-920D77279786}") = "DependencyInversion", "DependencyInversion\DependencyInversion.fsproj", "{858AF50F-ADD2-4864-9517-3A905A9F471C}"
EndProject
Global
	GlobalSection(SolutionConfigurationPlatforms) = preSolution
		Debug|Any CPU = Debug|Any CPU
		Release|Any CPU = Release|Any CPU
	EndGlobalSection
	GlobalSection(ProjectConfigurationPlatforms) = postSolution
		{6A395034-BD47-4F7B-A282-08799E110472}.Debug|Any CPU.ActiveCfg = Debug|Any CPU
		{6A395034-BD47-4F7B-A282-08799E110472}.Debug|Any CPU.Build.0 = Debug|Any CPU
		{6A395034-BD47-4F7B-A282-08799E110472}.Release|Any CPU.ActiveCfg = Release|Any CPU
		{6A395034-BD47-4F7B-A282-08799E110472}.Release|Any CPU.Build.0 = Release|Any CPU
		{0B0CD212-443D-48D9-9B6A-66EE83001F18}.Debug|Any CPU.ActiveCfg = Debug|Any CPU
		{0B0CD212-443D-48D9-9B6A-66EE83001F18}.Debug|Any CPU.Build.0 = Debug|Any CPU
		{0B0CD212-443D-48D9-9B6A-66EE83001F18}.Release|Any CPU.ActiveCfg = Release|Any CPU
		{0B0CD212-443D-48D9-9B6A-66EE83001F18}.Release|Any CPU.Build.0 = Release|Any CPU
		{EEE9262F-973C-4C53-8F55-92C5A3D05178}.Debug|Any CPU.ActiveCfg = Debug|Any CPU
		{EEE9262F-973C-4C53-8F55-92C5A3D05178}.Debug|Any CPU.Build.0 = Debug|Any CPU
		{EEE9262F-973C-4C53-8F55-92C5A3D05178}.Release|Any CPU.ActiveCfg = Release|Any CPU
		{EEE9262F-973C-4C53-8F55-92C5A3D05178}.Release|Any CPU.Build.0 = Release|Any CPU
		{A0CAABA6-1D62-4B00-93AF-27ACCC06C72B}.Debug|Any CPU.ActiveCfg = Debug|Any CPU
		{A0CAABA6-1D62-4B00-93AF-27ACCC06C72B}.Debug|Any CPU.Build.0 = Debug|Any CPU
		{A0CAABA6-1D62-4B00-93AF-27ACCC06C72B}.Release|Any CPU.ActiveCfg = Release|Any CPU
		{A0CAABA6-1D62-4B00-93AF-27ACCC06C72B}.Release|Any CPU.Build.0 = Release|Any CPU
		{858AF50F-ADD2-4864-9517-3A905A9F471C}.Debug|Any CPU.ActiveCfg = Debug|Any CPU
		{858AF50F-ADD2-4864-9517-3A905A9F471C}.Debug|Any CPU.Build.0 = Debug|Any CPU
		{858AF50F-ADD2-4864-9517-3A905A9F471C}.Release|Any CPU.ActiveCfg = Release|Any CPU
		{858AF50F-ADD2-4864-9517-3A905A9F471C}.Release|Any CPU.Build.0 = Release|Any CPU
	EndGlobalSection
	GlobalSection(SolutionProperties) = preSolution
		HideSolutionNode = FALSE
	EndGlobalSection
	GlobalSection(ExtensibilityGlobals) = postSolution
		SolutionGuid = {FB56F19D-6C04-4E15-BC01-86CB926E13F7}
	EndGlobalSection
EndGlobal
